
Microsoft Visual Studio Solution File, Format Version 12.00
# Visual Studio 15
Project("{FAE04EC0-301F-11D3-BF4B-00C04F79EFBC}") = "UnityEngine.UI", "UnityEngine.UI.csproj", "{BA43940E-FC16-BFC9-8960-5D80F59F0827}"
EndProject
Project("{FAE04EC0-301F-11D3-BF4B-00C04F79EFBC}") = "UnityEngine.TestRunner", "UnityEngine.TestRunner.csproj", "{2DA7ABD5-86EA-4858-E63B-02C64476D4BA}"
EndProject
Project("{FAE04EC0-301F-11D3-BF4B-00C04F79EFBC}") = "Unity.VisualScripting.Flow", "Unity.VisualScripting.Flow.csproj", "{EC70F24E-EF19-5640-BEF9-A3D42B696A12}"
EndProject
Project("{FAE04EC0-301F-11D3-BF4B-00C04F79EFBC}") = "Unity.Services.Core.Telemetry", "Unity.Services.Core.Telemetry.csproj", "{13C1799F-4B20-6B2B-1F82-9E07EDEAEE52}"
EndProject
Project("{FAE04EC0-301F-11D3-BF4B-00C04F79EFBC}") = "Unity.VisualScripting.State", "Unity.VisualScripting.State.csproj", "{9F6542E9-6FD1-F067-4480-53508FF2D7D2}"
EndProject
Project("{FAE04EC0-301F-11D3-BF4B-00C04F79EFBC}") = "Unity.VisualScripting.Core", "Unity.VisualScripting.Core.csproj", "{97672989-E3E4-302A-0D1E-E3E39A0FA381}"
EndProject
Project("{FAE04EC0-301F-11D3-BF4B-00C04F79EFBC}") = "Unity.Services.Core.Environments.Internal", "Unity.Services.Core.Environments.Internal.csproj", "{E9029E26-C927-0FD0-7CFB-CDABEDC3FA85}"
EndProject
Project("{FAE04EC0-301F-11D3-BF4B-00C04F79EFBC}") = "Unity.TextMeshPro", "Unity.TextMeshPro.csproj", "{52DB0A7F-41A3-722C-54BE-6A554C120019}"
EndProject
Project("{FAE04EC0-301F-11D3-BF4B-00C04F79EFBC}") = "Unity.Timeline", "Unity.Timeline.csproj", "{7BABF977-A3D0-846E-52BE-B7E4DCD2910E}"
EndProject
Project("{FAE04EC0-301F-11D3-BF4B-00C04F79EFBC}") = "Assembly-CSharp", "Assembly-CSharp.csproj", "{1A63345B-52BF-2316-0F38-10F8ED3383BB}"
EndProject
Project("{FAE04EC0-301F-11D3-BF4B-00C04F79EFBC}") = "Unity.Services.Core.Environments", "Unity.Services.Core.Environments.csproj", "{17743A53-FB1F-4C21-162B-BB47424A144E}"
EndProject
Project("{FAE04EC0-301F-11D3-BF4B-00C04F79EFBC}") = "Unity.Services.Core.Internal", "Unity.Services.Core.Internal.csproj", "{7DAAD0AE-0424-5734-C65D-AF307E56BA1E}"
EndProject
Project("{FAE04EC0-301F-11D3-BF4B-00C04F79EFBC}") = "Unity.Services.Core.Analytics", "Unity.Services.Core.Analytics.csproj", "{3A75DF33-AE14-7077-8D2A-960785809C33}"
EndProject
Project("{FAE04EC0-301F-11D3-BF4B-00C04F79EFBC}") = "Unity.Services.Core.Scheduler", "Unity.Services.Core.Scheduler.csproj", "{7A589E60-EB94-8BBE-2FA9-5366FF8B7A05}"
EndProject
Project("{FAE04EC0-301F-11D3-BF4B-00C04F79EFBC}") = "Unity.Services.Core.Registration", "Unity.Services.Core.Registration.csproj", "{CD6F669F-8A24-DD68-433D-4F42CDED2B5C}"
EndProject
Project("{FAE04EC0-301F-11D3-BF4B-00C04F79EFBC}") = "Unity.Services.Core.Device", "Unity.Services.Core.Device.csproj", "{3D797DF7-2ACE-EF5B-EAE0-A0AD93DA15B4}"
EndProject
Project("{FAE04EC0-301F-11D3-BF4B-00C04F79EFBC}") = "Unity.Services.Core.Threading", "Unity.Services.Core.Threading.csproj", "{AAE77519-F427-03C3-0B7E-2E5C38AF3732}"
EndProject
Project("{FAE04EC0-301F-11D3-BF4B-00C04F79EFBC}") = "Unity.Services.Core.Networking", "Unity.Services.Core.Networking.csproj", "{2C5815D2-11AF-3555-C117-A91D7E2F6D39}"
EndProject
Project("{FAE04EC0-301F-11D3-BF4B-00C04F79EFBC}") = "Unity.Services.Core", "Unity.Services.Core.csproj", "{63D6BB98-87E0-AF59-F3D4-21BB7947ADAD}"
EndProject
Project("{FAE04EC0-301F-11D3-BF4B-00C04F79EFBC}") = "Unity.Services.Core.Configuration", "Unity.Services.Core.Configuration.csproj", "{73412522-6705-EFFE-6416-9A9BEFD93FA5}"
EndProject
Project("{FAE04EC0-301F-11D3-BF4B-00C04F79EFBC}") = "Unity.PlasticSCM.Editor", "Unity.PlasticSCM.Editor.csproj", "{5676C7BB-D725-60E3-512A-652A51DBACB3}"
EndProject
Project("{FAE04EC0-301F-11D3-BF4B-00C04F79EFBC}") = "Unity.VisualScripting.Core.Editor", "Unity.VisualScripting.Core.Editor.csproj", "{47A0E1C8-8D43-C5AD-8828-1AD56818124E}"
EndProject
Project("{FAE04EC0-301F-11D3-BF4B-00C04F79EFBC}") = "Unity.VisualScripting.Flow.Editor", "Unity.VisualScripting.Flow.Editor.csproj", "{DE9AF12E-7B4D-04AA-C370-2863B068A4F8}"
EndProject
Project("{FAE04EC0-301F-11D3-BF4B-00C04F79EFBC}") = "Unity.VisualStudio.Editor", "Unity.VisualStudio.Editor.csproj", "{710BC9AF-425E-AF59-8894-5EBA4D38356F}"
EndProject
Project("{FAE04EC0-301F-11D3-BF4B-00C04F79EFBC}") = "Unity.Timeline.Editor", "Unity.Timeline.Editor.csproj", "{24D95FD5-C377-CDFB-F5BA-14E22A384C54}"
EndProject
Project("{FAE04EC0-301F-11D3-BF4B-00C04F79EFBC}") = "Unity.VisualScripting.State.Editor", "Unity.VisualScripting.State.Editor.csproj", "{191B727E-3981-8FB1-2195-4FB61289E3A4}"
EndProject
Project("{FAE04EC0-301F-11D3-BF4B-00C04F79EFBC}") = "Unity.TextMeshPro.Editor", "Unity.TextMeshPro.Editor.csproj", "{C21B87BD-CD6D-597A-935C-66800891CEB7}"
EndProject
Project("{FAE04EC0-301F-11D3-BF4B-00C04F79EFBC}") = "Unity.VisualScripting.SettingsProvider.Editor", "Unity.VisualScripting.SettingsProvider.Editor.csproj", "{46EED3DB-E7ED-0427-8931-2B61BC842136}"
EndProject
Project("{FAE04EC0-301F-11D3-BF4B-00C04F79EFBC}") = "Unity.CollabProxy.Editor", "Unity.CollabProxy.Editor.csproj", "{9DB51D1E-7676-9586-188D-C4F6C039D137}"
EndProject
Project("{FAE04EC0-301F-11D3-BF4B-00C04F79EFBC}") = "UnityEditor.TestRunner", "UnityEditor.TestRunner.csproj", "{3730DAFD-309F-B88C-E5B1-842829AB6870}"
EndProject
Project("{FAE04EC0-301F-11D3-BF4B-00C04F79EFBC}") = "Unity.Services.Core.Editor", "Unity.Services.Core.Editor.csproj", "{636F90C4-7B9F-62B9-2580-D36E9E484A31}"
EndProject
Project("{FAE04EC0-301F-11D3-BF4B-00C04F79EFBC}") = "Unity.TestTools.CodeCoverage.Editor", "Unity.TestTools.CodeCoverage.Editor.csproj", "{FC55B364-0BB8-9BB5-ED4C-0681DB402686}"
EndProject
Project("{FAE04EC0-301F-11D3-BF4B-00C04F79EFBC}") = "Unity.Rider.Editor", "Unity.Rider.Editor.csproj", "{1133D011-5258-E94C-F284-21ED12A781ED}"
EndProject
Project("{FAE04EC0-301F-11D3-BF4B-00C04F79EFBC}") = "Unity.Performance.Profile-Analyzer.Editor", "Unity.Performance.Profile-Analyzer.Editor.csproj", "{CC8323C4-8A16-CC44-F19E-E0756E76D214}"
EndProject
Project("{FAE04EC0-301F-11D3-BF4B-00C04F79EFBC}") = "Unity.VSCode.Editor", "Unity.VSCode.Editor.csproj", "{4A35D7BD-FBEF-E8EE-6476-BD1B13F10724}"
EndProject
Project("{FAE04EC0-301F-11D3-BF4B-00C04F79EFBC}") = "UnityEditor.UI", "UnityEditor.UI.csproj", "{F8B69601-AC64-1DA4-70D2-978F4488438F}"
EndProject
Project("{FAE04EC0-301F-11D3-BF4B-00C04F79EFBC}") = "Unity.TestTools.CodeCoverage.Editor.OpenCover.Model", "Unity.TestTools.CodeCoverage.Editor.OpenCover.Model.csproj", "{7EA6720C-D53D-73E7-B109-EB6BAC128495}"
EndProject
Project("{FAE04EC0-301F-11D3-BF4B-00C04F79EFBC}") = "Unity.EditorCoroutines.Editor", "Unity.EditorCoroutines.Editor.csproj", "{5F086E12-D7C7-F0D3-252B-9509E1DD5417}"
EndProject
Project("{FAE04EC0-301F-11D3-BF4B-00C04F79EFBC}") = "Unity.Settings.Editor", "Unity.Settings.Editor.csproj", "{FA177025-9289-C3FC-7C4B-E85055181D78}"
EndProject
Project("{FAE04EC0-301F-11D3-BF4B-00C04F79EFBC}") = "Unity.Services.Core.Configuration.Editor", "Unity.Services.Core.Configuration.Editor.csproj", "{919BFDB3-B687-2B2A-7559-5FACE0F6BA77}"
EndProject
Project("{FAE04EC0-301F-11D3-BF4B-00C04F79EFBC}") = "Unity.TestTools.CodeCoverage.Editor.OpenCover.Mono.Reflection", "Unity.TestTools.CodeCoverage.Editor.OpenCover.Mono.Reflection.csproj", "{114AAC8D-CC80-06A2-3430-89F6C3AC5296}"
EndProject
Project("{FAE04EC0-301F-11D3-BF4B-00C04F79EFBC}") = "Unity.VisualScripting.Shared.Editor", "Unity.VisualScripting.Shared.Editor.csproj", "{FDD3A121-F93F-1F7E-F7E2-531661130F66}"
EndProject
Project("{FAE04EC0-301F-11D3-BF4B-00C04F79EFBC}") = "UnityEngine.UI", "UnityEngine.UI.Player.csproj", "{8B011476-0107-26AD-A9BC-7EBB5D9122CA}"
EndProject
Project("{FAE04EC0-301F-11D3-BF4B-00C04F79EFBC}") = "UnityEngine.TestRunner", "UnityEngine.TestRunner.Player.csproj", "{18A0C883-F9D8-6144-F8F4-D506714968AF}"
EndProject
Project("{FAE04EC0-301F-11D3-BF4B-00C04F79EFBC}") = "Unity.VisualScripting.Flow", "Unity.VisualScripting.Flow.Player.csproj", "{47AE5FFC-EF2D-6993-FC90-18D6D074E668}"
EndProject
Project("{FAE04EC0-301F-11D3-BF4B-00C04F79EFBC}") = "Unity.Services.Core.Telemetry", "Unity.Services.Core.Telemetry.Player.csproj", "{9ECC0658-241F-E14B-C428-2A8AC045A254}"
EndProject
Project("{FAE04EC0-301F-11D3-BF4B-00C04F79EFBC}") = "Unity.VisualScripting.State", "Unity.VisualScripting.State.Player.csproj", "{A7E86FFE-2747-D02D-BFF5-31A692CA7596}"
EndProject
Project("{FAE04EC0-301F-11D3-BF4B-00C04F79EFBC}") = "Unity.VisualScripting.Core", "Unity.VisualScripting.Core.Player.csproj", "{D910A95E-48B7-64CC-B2E6-A836C90CFBBA}"
EndProject
Project("{FAE04EC0-301F-11D3-BF4B-00C04F79EFBC}") = "Unity.Services.Core.Environments.Internal", "Unity.Services.Core.Environments.Internal.Player.csproj", "{38F8A70E-C74D-8375-CD7F-136FE8C67F8D}"
EndProject
Project("{FAE04EC0-301F-11D3-BF4B-00C04F79EFBC}") = "Unity.TextMeshPro", "Unity.TextMeshPro.Player.csproj", "{F9E31A96-1DA0-FF1F-57AE-DCD0C45B948E}"
EndProject
Project("{FAE04EC0-301F-11D3-BF4B-00C04F79EFBC}") = "Unity.Timeline", "Unity.Timeline.Player.csproj", "{8E3D8556-3F64-BA1A-457B-99050269B5B8}"
EndProject
Project("{FAE04EC0-301F-11D3-BF4B-00C04F79EFBC}") = "Assembly-CSharp", "Assembly-CSharp.Player.csproj", "{F8462D34-F36E-44BE-6233-58AB686E41B2}"
EndProject
Project("{FAE04EC0-301F-11D3-BF4B-00C04F79EFBC}") = "Unity.Services.Core.Environments", "Unity.Services.Core.Environments.Player.csproj", "{4AB585EB-6957-F3A8-4F60-3FA978FB6FB7}"
EndProject
Project("{FAE04EC0-301F-11D3-BF4B-00C04F79EFBC}") = "Unity.Services.Core.Internal", "Unity.Services.Core.Internal.Player.csproj", "{CE101F0F-02DA-FCC3-CB8D-EFCF356A2817}"
EndProject
Project("{FAE04EC0-301F-11D3-BF4B-00C04F79EFBC}") = "Unity.Services.Core.Analytics", "Unity.Services.Core.Analytics.Player.csproj", "{EAA7A1A3-5064-EBB8-37F3-ECFF9CCF25AC}"
EndProject
Project("{FAE04EC0-301F-11D3-BF4B-00C04F79EFBC}") = "Unity.Services.Core.Scheduler", "Unity.Services.Core.Scheduler.Player.csproj", "{DAAC07B8-E8BF-658F-BD35-B9193BEA179E}"
EndProject
Project("{FAE04EC0-301F-11D3-BF4B-00C04F79EFBC}") = "Unity.Services.Core.Registration", "Unity.Services.Core.Registration.Player.csproj", "{7E3C632F-B6D3-4B85-93E1-537870F277B5}"
EndProject
Project("{FAE04EC0-301F-11D3-BF4B-00C04F79EFBC}") = "Unity.Services.Core.Device", "Unity.Services.Core.Device.Player.csproj", "{47490481-7C0D-16A5-CC9A-C4AC874917D8}"
EndProject
Project("{FAE04EC0-301F-11D3-BF4B-00C04F79EFBC}") = "Unity.Services.Core.Threading", "Unity.Services.Core.Threading.Player.csproj", "{93B6E054-70FE-E3E6-A704-78DA80BE8A37}"
EndProject
Project("{FAE04EC0-301F-11D3-BF4B-00C04F79EFBC}") = "Unity.Services.Core.Networking", "Unity.Services.Core.Networking.Player.csproj", "{6A707886-B3C2-B52C-371C-7FD8191A2988}"
EndProject
Project("{FAE04EC0-301F-11D3-BF4B-00C04F79EFBC}") = "Unity.Services.Core", "Unity.Services.Core.Player.csproj", "{FF503407-E94F-B298-03D4-67381790956A}"
EndProject
Project("{FAE04EC0-301F-11D3-BF4B-00C04F79EFBC}") = "Unity.Services.Core.Configuration", "Unity.Services.Core.Configuration.Player.csproj", "{626F48B4-951A-1A7B-11B8-4F49DB8E65F5}"
EndProject
Global
	GlobalSection(SolutionConfigurationPlatforms) = preSolution
		Debug|Any CPU = Debug|Any CPU
		Release|Any CPU = Release|Any CPU
	EndGlobalSection
	GlobalSection(ProjectConfigurationPlatforms) = postSolution
		{BA43940E-FC16-BFC9-8960-5D80F59F0827}.Debug|Any CPU.ActiveCfg = Debug|Any CPU
		{BA43940E-FC16-BFC9-8960-5D80F59F0827}.Debug|Any CPU.Build.0 = Debug|Any CPU
		{BA43940E-FC16-BFC9-8960-5D80F59F0827}.Release|Any CPU.ActiveCfg = Release|Any CPU
		{BA43940E-FC16-BFC9-8960-5D80F59F0827}.Release|Any CPU.Build.0 = Release|Any CPU
		{2DA7ABD5-86EA-4858-E63B-02C64476D4BA}.Debug|Any CPU.ActiveCfg = Debug|Any CPU
		{2DA7ABD5-86EA-4858-E63B-02C64476D4BA}.Debug|Any CPU.Build.0 = Debug|Any CPU
		{2DA7ABD5-86EA-4858-E63B-02C64476D4BA}.Release|Any CPU.ActiveCfg = Release|Any CPU
		{2DA7ABD5-86EA-4858-E63B-02C64476D4BA}.Release|Any CPU.Build.0 = Release|Any CPU
		{EC70F24E-EF19-5640-BEF9-A3D42B696A12}.Debug|Any CPU.ActiveCfg = Debug|Any CPU
		{EC70F24E-EF19-5640-BEF9-A3D42B696A12}.Debug|Any CPU.Build.0 = Debug|Any CPU
		{EC70F24E-EF19-5640-BEF9-A3D42B696A12}.Release|Any CPU.ActiveCfg = Release|Any CPU
		{EC70F24E-EF19-5640-BEF9-A3D42B696A12}.Release|Any CPU.Build.0 = Release|Any CPU
		{13C1799F-4B20-6B2B-1F82-9E07EDEAEE52}.Debug|Any CPU.ActiveCfg = Debug|Any CPU
		{13C1799F-4B20-6B2B-1F82-9E07EDEAEE52}.Debug|Any CPU.Build.0 = Debug|Any CPU
		{13C1799F-4B20-6B2B-1F82-9E07EDEAEE52}.Release|Any CPU.ActiveCfg = Release|Any CPU
		{13C1799F-4B20-6B2B-1F82-9E07EDEAEE52}.Release|Any CPU.Build.0 = Release|Any CPU
		{9F6542E9-6FD1-F067-4480-53508FF2D7D2}.Debug|Any CPU.ActiveCfg = Debug|Any CPU
		{9F6542E9-6FD1-F067-4480-53508FF2D7D2}.Debug|Any CPU.Build.0 = Debug|Any CPU
		{9F6542E9-6FD1-F067-4480-53508FF2D7D2}.Release|Any CPU.ActiveCfg = Release|Any CPU
		{9F6542E9-6FD1-F067-4480-53508FF2D7D2}.Release|Any CPU.Build.0 = Release|Any CPU
		{97672989-E3E4-302A-0D1E-E3E39A0FA381}.Debug|Any CPU.ActiveCfg = Debug|Any CPU
		{97672989-E3E4-302A-0D1E-E3E39A0FA381}.Debug|Any CPU.Build.0 = Debug|Any CPU
		{97672989-E3E4-302A-0D1E-E3E39A0FA381}.Release|Any CPU.ActiveCfg = Release|Any CPU
		{97672989-E3E4-302A-0D1E-E3E39A0FA381}.Release|Any CPU.Build.0 = Release|Any CPU
		{E9029E26-C927-0FD0-7CFB-CDABEDC3FA85}.Debug|Any CPU.ActiveCfg = Debug|Any CPU
		{E9029E26-C927-0FD0-7CFB-CDABEDC3FA85}.Debug|Any CPU.Build.0 = Debug|Any CPU
		{E9029E26-C927-0FD0-7CFB-CDABEDC3FA85}.Release|Any CPU.ActiveCfg = Release|Any CPU
		{E9029E26-C927-0FD0-7CFB-CDABEDC3FA85}.Release|Any CPU.Build.0 = Release|Any CPU
		{52DB0A7F-41A3-722C-54BE-6A554C120019}.Debug|Any CPU.ActiveCfg = Debug|Any CPU
		{52DB0A7F-41A3-722C-54BE-6A554C120019}.Debug|Any CPU.Build.0 = Debug|Any CPU
		{52DB0A7F-41A3-722C-54BE-6A554C120019}.Release|Any CPU.ActiveCfg = Release|Any CPU
		{52DB0A7F-41A3-722C-54BE-6A554C120019}.Release|Any CPU.Build.0 = Release|Any CPU
		{7BABF977-A3D0-846E-52BE-B7E4DCD2910E}.Debug|Any CPU.ActiveCfg = Debug|Any CPU
		{7BABF977-A3D0-846E-52BE-B7E4DCD2910E}.Debug|Any CPU.Build.0 = Debug|Any CPU
		{7BABF977-A3D0-846E-52BE-B7E4DCD2910E}.Release|Any CPU.ActiveCfg = Release|Any CPU
		{7BABF977-A3D0-846E-52BE-B7E4DCD2910E}.Release|Any CPU.Build.0 = Release|Any CPU
		{1A63345B-52BF-2316-0F38-10F8ED3383BB}.Debug|Any CPU.ActiveCfg = Debug|Any CPU
		{1A63345B-52BF-2316-0F38-10F8ED3383BB}.Debug|Any CPU.Build.0 = Debug|Any CPU
		{1A63345B-52BF-2316-0F38-10F8ED3383BB}.Release|Any CPU.ActiveCfg = Release|Any CPU
		{1A63345B-52BF-2316-0F38-10F8ED3383BB}.Release|Any CPU.Build.0 = Release|Any CPU
		{17743A53-FB1F-4C21-162B-BB47424A144E}.Debug|Any CPU.ActiveCfg = Debug|Any CPU
		{17743A53-FB1F-4C21-162B-BB47424A144E}.Debug|Any CPU.Build.0 = Debug|Any CPU
		{17743A53-FB1F-4C21-162B-BB47424A144E}.Release|Any CPU.ActiveCfg = Release|Any CPU
		{17743A53-FB1F-4C21-162B-BB47424A144E}.Release|Any CPU.Build.0 = Release|Any CPU
		{7DAAD0AE-0424-5734-C65D-AF307E56BA1E}.Debug|Any CPU.ActiveCfg = Debug|Any CPU
		{7DAAD0AE-0424-5734-C65D-AF307E56BA1E}.Debug|Any CPU.Build.0 = Debug|Any CPU
		{7DAAD0AE-0424-5734-C65D-AF307E56BA1E}.Release|Any CPU.ActiveCfg = Release|Any CPU
		{7DAAD0AE-0424-5734-C65D-AF307E56BA1E}.Release|Any CPU.Build.0 = Release|Any CPU
		{3A75DF33-AE14-7077-8D2A-960785809C33}.Debug|Any CPU.ActiveCfg = Debug|Any CPU
		{3A75DF33-AE14-7077-8D2A-960785809C33}.Debug|Any CPU.Build.0 = Debug|Any CPU
		{3A75DF33-AE14-7077-8D2A-960785809C33}.Release|Any CPU.ActiveCfg = Release|Any CPU
		{3A75DF33-AE14-7077-8D2A-960785809C33}.Release|Any CPU.Build.0 = Release|Any CPU
		{7A589E60-EB94-8BBE-2FA9-5366FF8B7A05}.Debug|Any CPU.ActiveCfg = Debug|Any CPU
		{7A589E60-EB94-8BBE-2FA9-5366FF8B7A05}.Debug|Any CPU.Build.0 = Debug|Any CPU
		{7A589E60-EB94-8BBE-2FA9-5366FF8B7A05}.Release|Any CPU.ActiveCfg = Release|Any CPU
		{7A589E60-EB94-8BBE-2FA9-5366FF8B7A05}.Release|Any CPU.Build.0 = Release|Any CPU
		{CD6F669F-8A24-DD68-433D-4F42CDED2B5C}.Debug|Any CPU.ActiveCfg = Debug|Any CPU
		{CD6F669F-8A24-DD68-433D-4F42CDED2B5C}.Debug|Any CPU.Build.0 = Debug|Any CPU
		{CD6F669F-8A24-DD68-433D-4F42CDED2B5C}.Release|Any CPU.ActiveCfg = Release|Any CPU
		{CD6F669F-8A24-DD68-433D-4F42CDED2B5C}.Release|Any CPU.Build.0 = Release|Any CPU
		{3D797DF7-2ACE-EF5B-EAE0-A0AD93DA15B4}.Debug|Any CPU.ActiveCfg = Debug|Any CPU
		{3D797DF7-2ACE-EF5B-EAE0-A0AD93DA15B4}.Debug|Any CPU.Build.0 = Debug|Any CPU
		{3D797DF7-2ACE-EF5B-EAE0-A0AD93DA15B4}.Release|Any CPU.ActiveCfg = Release|Any CPU
		{3D797DF7-2ACE-EF5B-EAE0-A0AD93DA15B4}.Release|Any CPU.Build.0 = Release|Any CPU
		{AAE77519-F427-03C3-0B7E-2E5C38AF3732}.Debug|Any CPU.ActiveCfg = Debug|Any CPU
		{AAE77519-F427-03C3-0B7E-2E5C38AF3732}.Debug|Any CPU.Build.0 = Debug|Any CPU
		{AAE77519-F427-03C3-0B7E-2E5C38AF3732}.Release|Any CPU.ActiveCfg = Release|Any CPU
		{AAE77519-F427-03C3-0B7E-2E5C38AF3732}.Release|Any CPU.Build.0 = Release|Any CPU
		{2C5815D2-11AF-3555-C117-A91D7E2F6D39}.Debug|Any CPU.ActiveCfg = Debug|Any CPU
		{2C5815D2-11AF-3555-C117-A91D7E2F6D39}.Debug|Any CPU.Build.0 = Debug|Any CPU
		{2C5815D2-11AF-3555-C117-A91D7E2F6D39}.Release|Any CPU.ActiveCfg = Release|Any CPU
		{2C5815D2-11AF-3555-C117-A91D7E2F6D39}.Release|Any CPU.Build.0 = Release|Any CPU
		{63D6BB98-87E0-AF59-F3D4-21BB7947ADAD}.Debug|Any CPU.ActiveCfg = Debug|Any CPU
		{63D6BB98-87E0-AF59-F3D4-21BB7947ADAD}.Debug|Any CPU.Build.0 = Debug|Any CPU
		{63D6BB98-87E0-AF59-F3D4-21BB7947ADAD}.Release|Any CPU.ActiveCfg = Release|Any CPU
		{63D6BB98-87E0-AF59-F3D4-21BB7947ADAD}.Release|Any CPU.Build.0 = Release|Any CPU
		{73412522-6705-EFFE-6416-9A9BEFD93FA5}.Debug|Any CPU.ActiveCfg = Debug|Any CPU
		{73412522-6705-EFFE-6416-9A9BEFD93FA5}.Debug|Any CPU.Build.0 = Debug|Any CPU
		{73412522-6705-EFFE-6416-9A9BEFD93FA5}.Release|Any CPU.ActiveCfg = Release|Any CPU
		{73412522-6705-EFFE-6416-9A9BEFD93FA5}.Release|Any CPU.Build.0 = Release|Any CPU
		{5676C7BB-D725-60E3-512A-652A51DBACB3}.Debug|Any CPU.ActiveCfg = Debug|Any CPU
		{5676C7BB-D725-60E3-512A-652A51DBACB3}.Debug|Any CPU.Build.0 = Debug|Any CPU
		{5676C7BB-D725-60E3-512A-652A51DBACB3}.Release|Any CPU.ActiveCfg = Release|Any CPU
		{5676C7BB-D725-60E3-512A-652A51DBACB3}.Release|Any CPU.Build.0 = Release|Any CPU
		{47A0E1C8-8D43-C5AD-8828-1AD56818124E}.Debug|Any CPU.ActiveCfg = Debug|Any CPU
		{47A0E1C8-8D43-C5AD-8828-1AD56818124E}.Debug|Any CPU.Build.0 = Debug|Any CPU
		{47A0E1C8-8D43-C5AD-8828-1AD56818124E}.Release|Any CPU.ActiveCfg = Release|Any CPU
		{47A0E1C8-8D43-C5AD-8828-1AD56818124E}.Release|Any CPU.Build.0 = Release|Any CPU
		{DE9AF12E-7B4D-04AA-C370-2863B068A4F8}.Debug|Any CPU.ActiveCfg = Debug|Any CPU
		{DE9AF12E-7B4D-04AA-C370-2863B068A4F8}.Debug|Any CPU.Build.0 = Debug|Any CPU
		{DE9AF12E-7B4D-04AA-C370-2863B068A4F8}.Release|Any CPU.ActiveCfg = Release|Any CPU
		{DE9AF12E-7B4D-04AA-C370-2863B068A4F8}.Release|Any CPU.Build.0 = Release|Any CPU
		{710BC9AF-425E-AF59-8894-5EBA4D38356F}.Debug|Any CPU.ActiveCfg = Debug|Any CPU
		{710BC9AF-425E-AF59-8894-5EBA4D38356F}.Debug|Any CPU.Build.0 = Debug|Any CPU
		{710BC9AF-425E-AF59-8894-5EBA4D38356F}.Release|Any CPU.ActiveCfg = Release|Any CPU
		{710BC9AF-425E-AF59-8894-5EBA4D38356F}.Release|Any CPU.Build.0 = Release|Any CPU
		{24D95FD5-C377-CDFB-F5BA-14E22A384C54}.Debug|Any CPU.ActiveCfg = Debug|Any CPU
		{24D95FD5-C377-CDFB-F5BA-14E22A384C54}.Debug|Any CPU.Build.0 = Debug|Any CPU
		{24D95FD5-C377-CDFB-F5BA-14E22A384C54}.Release|Any CPU.ActiveCfg = Release|Any CPU
		{24D95FD5-C377-CDFB-F5BA-14E22A384C54}.Release|Any CPU.Build.0 = Release|Any CPU
		{191B727E-3981-8FB1-2195-4FB61289E3A4}.Debug|Any CPU.ActiveCfg = Debug|Any CPU
		{191B727E-3981-8FB1-2195-4FB61289E3A4}.Debug|Any CPU.Build.0 = Debug|Any CPU
		{191B727E-3981-8FB1-2195-4FB61289E3A4}.Release|Any CPU.ActiveCfg = Release|Any CPU
		{191B727E-3981-8FB1-2195-4FB61289E3A4}.Release|Any CPU.Build.0 = Release|Any CPU
		{C21B87BD-CD6D-597A-935C-66800891CEB7}.Debug|Any CPU.ActiveCfg = Debug|Any CPU
		{C21B87BD-CD6D-597A-935C-66800891CEB7}.Debug|Any CPU.Build.0 = Debug|Any CPU
		{C21B87BD-CD6D-597A-935C-66800891CEB7}.Release|Any CPU.ActiveCfg = Release|Any CPU
		{C21B87BD-CD6D-597A-935C-66800891CEB7}.Release|Any CPU.Build.0 = Release|Any CPU
		{46EED3DB-E7ED-0427-8931-2B61BC842136}.Debug|Any CPU.ActiveCfg = Debug|Any CPU
		{46EED3DB-E7ED-0427-8931-2B61BC842136}.Debug|Any CPU.Build.0 = Debug|Any CPU
		{46EED3DB-E7ED-0427-8931-2B61BC842136}.Release|Any CPU.ActiveCfg = Release|Any CPU
		{46EED3DB-E7ED-0427-8931-2B61BC842136}.Release|Any CPU.Build.0 = Release|Any CPU
		{9DB51D1E-7676-9586-188D-C4F6C039D137}.Debug|Any CPU.ActiveCfg = Debug|Any CPU
		{9DB51D1E-7676-9586-188D-C4F6C039D137}.Debug|Any CPU.Build.0 = Debug|Any CPU
		{9DB51D1E-7676-9586-188D-C4F6C039D137}.Release|Any CPU.ActiveCfg = Release|Any CPU
		{9DB51D1E-7676-9586-188D-C4F6C039D137}.Release|Any CPU.Build.0 = Release|Any CPU
		{3730DAFD-309F-B88C-E5B1-842829AB6870}.Debug|Any CPU.ActiveCfg = Debug|Any CPU
		{3730DAFD-309F-B88C-E5B1-842829AB6870}.Debug|Any CPU.Build.0 = Debug|Any CPU
		{3730DAFD-309F-B88C-E5B1-842829AB6870}.Release|Any CPU.ActiveCfg = Release|Any CPU
		{3730DAFD-309F-B88C-E5B1-842829AB6870}.Release|Any CPU.Build.0 = Release|Any CPU
		{636F90C4-7B9F-62B9-2580-D36E9E484A31}.Debug|Any CPU.ActiveCfg = Debug|Any CPU
		{636F90C4-7B9F-62B9-2580-D36E9E484A31}.Debug|Any CPU.Build.0 = Debug|Any CPU
		{636F90C4-7B9F-62B9-2580-D36E9E484A31}.Release|Any CPU.ActiveCfg = Release|Any CPU
		{636F90C4-7B9F-62B9-2580-D36E9E484A31}.Release|Any CPU.Build.0 = Release|Any CPU
		{FC55B364-0BB8-9BB5-ED4C-0681DB402686}.Debug|Any CPU.ActiveCfg = Debug|Any CPU
		{FC55B364-0BB8-9BB5-ED4C-0681DB402686}.Debug|Any CPU.Build.0 = Debug|Any CPU
		{FC55B364-0BB8-9BB5-ED4C-0681DB402686}.Release|Any CPU.ActiveCfg = Release|Any CPU
		{FC55B364-0BB8-9BB5-ED4C-0681DB402686}.Release|Any CPU.Build.0 = Release|Any CPU
		{1133D011-5258-E94C-F284-21ED12A781ED}.Debug|Any CPU.ActiveCfg = Debug|Any CPU
		{1133D011-5258-E94C-F284-21ED12A781ED}.Debug|Any CPU.Build.0 = Debug|Any CPU
		{1133D011-5258-E94C-F284-21ED12A781ED}.Release|Any CPU.ActiveCfg = Release|Any CPU
		{1133D011-5258-E94C-F284-21ED12A781ED}.Release|Any CPU.Build.0 = Release|Any CPU
		{CC8323C4-8A16-CC44-F19E-E0756E76D214}.Debug|Any CPU.ActiveCfg = Debug|Any CPU
		{CC8323C4-8A16-CC44-F19E-E0756E76D214}.Debug|Any CPU.Build.0 = Debug|Any CPU
		{CC8323C4-8A16-CC44-F19E-E0756E76D214}.Release|Any CPU.ActiveCfg = Release|Any CPU
		{CC8323C4-8A16-CC44-F19E-E0756E76D214}.Release|Any CPU.Build.0 = Release|Any CPU
		{4A35D7BD-FBEF-E8EE-6476-BD1B13F10724}.Debug|Any CPU.ActiveCfg = Debug|Any CPU
		{4A35D7BD-FBEF-E8EE-6476-BD1B13F10724}.Debug|Any CPU.Build.0 = Debug|Any CPU
		{4A35D7BD-FBEF-E8EE-6476-BD1B13F10724}.Release|Any CPU.ActiveCfg = Release|Any CPU
		{4A35D7BD-FBEF-E8EE-6476-BD1B13F10724}.Release|Any CPU.Build.0 = Release|Any CPU
		{F8B69601-AC64-1DA4-70D2-978F4488438F}.Debug|Any CPU.ActiveCfg = Debug|Any CPU
		{F8B69601-AC64-1DA4-70D2-978F4488438F}.Debug|Any CPU.Build.0 = Debug|Any CPU
		{F8B69601-AC64-1DA4-70D2-978F4488438F}.Release|Any CPU.ActiveCfg = Release|Any CPU
		{F8B69601-AC64-1DA4-70D2-978F4488438F}.Release|Any CPU.Build.0 = Release|Any CPU
		{7EA6720C-D53D-73E7-B109-EB6BAC128495}.Debug|Any CPU.ActiveCfg = Debug|Any CPU
		{7EA6720C-D53D-73E7-B109-EB6BAC128495}.Debug|Any CPU.Build.0 = Debug|Any CPU
		{7EA6720C-D53D-73E7-B109-EB6BAC128495}.Release|Any CPU.ActiveCfg = Release|Any CPU
		{7EA6720C-D53D-73E7-B109-EB6BAC128495}.Release|Any CPU.Build.0 = Release|Any CPU
		{5F086E12-D7C7-F0D3-252B-9509E1DD5417}.Debug|Any CPU.ActiveCfg = Debug|Any CPU
		{5F086E12-D7C7-F0D3-252B-9509E1DD5417}.Debug|Any CPU.Build.0 = Debug|Any CPU
		{5F086E12-D7C7-F0D3-252B-9509E1DD5417}.Release|Any CPU.ActiveCfg = Release|Any CPU
		{5F086E12-D7C7-F0D3-252B-9509E1DD5417}.Release|Any CPU.Build.0 = Release|Any CPU
		{FA177025-9289-C3FC-7C4B-E85055181D78}.Debug|Any CPU.ActiveCfg = Debug|Any CPU
		{FA177025-9289-C3FC-7C4B-E85055181D78}.Debug|Any CPU.Build.0 = Debug|Any CPU
		{FA177025-9289-C3FC-7C4B-E85055181D78}.Release|Any CPU.ActiveCfg = Release|Any CPU
		{FA177025-9289-C3FC-7C4B-E85055181D78}.Release|Any CPU.Build.0 = Release|Any CPU
		{919BFDB3-B687-2B2A-7559-5FACE0F6BA77}.Debug|Any CPU.ActiveCfg = Debug|Any CPU
		{919BFDB3-B687-2B2A-7559-5FACE0F6BA77}.Debug|Any CPU.Build.0 = Debug|Any CPU
		{919BFDB3-B687-2B2A-7559-5FACE0F6BA77}.Release|Any CPU.ActiveCfg = Release|Any CPU
		{919BFDB3-B687-2B2A-7559-5FACE0F6BA77}.Release|Any CPU.Build.0 = Release|Any CPU
		{114AAC8D-CC80-06A2-3430-89F6C3AC5296}.Debug|Any CPU.ActiveCfg = Debug|Any CPU
		{114AAC8D-CC80-06A2-3430-89F6C3AC5296}.Debug|Any CPU.Build.0 = Debug|Any CPU
		{114AAC8D-CC80-06A2-3430-89F6C3AC5296}.Release|Any CPU.ActiveCfg = Release|Any CPU
		{114AAC8D-CC80-06A2-3430-89F6C3AC5296}.Release|Any CPU.Build.0 = Release|Any CPU
		{FDD3A121-F93F-1F7E-F7E2-531661130F66}.Debug|Any CPU.ActiveCfg = Debug|Any CPU
		{FDD3A121-F93F-1F7E-F7E2-531661130F66}.Debug|Any CPU.Build.0 = Debug|Any CPU
		{FDD3A121-F93F-1F7E-F7E2-531661130F66}.Release|Any CPU.ActiveCfg = Release|Any CPU
		{FDD3A121-F93F-1F7E-F7E2-531661130F66}.Release|Any CPU.Build.0 = Release|Any CPU
		{8B011476-0107-26AD-A9BC-7EBB5D9122CA}.Debug|Any CPU.ActiveCfg = Debug|Any CPU
		{8B011476-0107-26AD-A9BC-7EBB5D9122CA}.Debug|Any CPU.Build.0 = Debug|Any CPU
		{8B011476-0107-26AD-A9BC-7EBB5D9122CA}.Release|Any CPU.ActiveCfg = Release|Any CPU
		{8B011476-0107-26AD-A9BC-7EBB5D9122CA}.Release|Any CPU.Build.0 = Release|Any CPU
		{18A0C883-F9D8-6144-F8F4-D506714968AF}.Debug|Any CPU.ActiveCfg = Debug|Any CPU
		{18A0C883-F9D8-6144-F8F4-D506714968AF}.Debug|Any CPU.Build.0 = Debug|Any CPU
		{18A0C883-F9D8-6144-F8F4-D506714968AF}.Release|Any CPU.ActiveCfg = Release|Any CPU
		{18A0C883-F9D8-6144-F8F4-D506714968AF}.Release|Any CPU.Build.0 = Release|Any CPU
		{47AE5FFC-EF2D-6993-FC90-18D6D074E668}.Debug|Any CPU.ActiveCfg = Debug|Any CPU
		{47AE5FFC-EF2D-6993-FC90-18D6D074E668}.Debug|Any CPU.Build.0 = Debug|Any CPU
		{47AE5FFC-EF2D-6993-FC90-18D6D074E668}.Release|Any CPU.ActiveCfg = Release|Any CPU
		{47AE5FFC-EF2D-6993-FC90-18D6D074E668}.Release|Any CPU.Build.0 = Release|Any CPU
		{9ECC0658-241F-E14B-C428-2A8AC045A254}.Debug|Any CPU.ActiveCfg = Debug|Any CPU
		{9ECC0658-241F-E14B-C428-2A8AC045A254}.Debug|Any CPU.Build.0 = Debug|Any CPU
		{9ECC0658-241F-E14B-C428-2A8AC045A254}.Release|Any CPU.ActiveCfg = Release|Any CPU
		{9ECC0658-241F-E14B-C428-2A8AC045A254}.Release|Any CPU.Build.0 = Release|Any CPU
		{A7E86FFE-2747-D02D-BFF5-31A692CA7596}.Debug|Any CPU.ActiveCfg = Debug|Any CPU
		{A7E86FFE-2747-D02D-BFF5-31A692CA7596}.Debug|Any CPU.Build.0 = Debug|Any CPU
		{A7E86FFE-2747-D02D-BFF5-31A692CA7596}.Release|Any CPU.ActiveCfg = Release|Any CPU
		{A7E86FFE-2747-D02D-BFF5-31A692CA7596}.Release|Any CPU.Build.0 = Release|Any CPU
		{D910A95E-48B7-64CC-B2E6-A836C90CFBBA}.Debug|Any CPU.ActiveCfg = Debug|Any CPU
		{D910A95E-48B7-64CC-B2E6-A836C90CFBBA}.Debug|Any CPU.Build.0 = Debug|Any CPU
		{D910A95E-48B7-64CC-B2E6-A836C90CFBBA}.Release|Any CPU.ActiveCfg = Release|Any CPU
		{D910A95E-48B7-64CC-B2E6-A836C90CFBBA}.Release|Any CPU.Build.0 = Release|Any CPU
		{38F8A70E-C74D-8375-CD7F-136FE8C67F8D}.Debug|Any CPU.ActiveCfg = Debug|Any CPU
		{38F8A70E-C74D-8375-CD7F-136FE8C67F8D}.Debug|Any CPU.Build.0 = Debug|Any CPU
		{38F8A70E-C74D-8375-CD7F-136FE8C67F8D}.Release|Any CPU.ActiveCfg = Release|Any CPU
		{38F8A70E-C74D-8375-CD7F-136FE8C67F8D}.Release|Any CPU.Build.0 = Release|Any CPU
		{F9E31A96-1DA0-FF1F-57AE-DCD0C45B948E}.Debug|Any CPU.ActiveCfg = Debug|Any CPU
		{F9E31A96-1DA0-FF1F-57AE-DCD0C45B948E}.Debug|Any CPU.Build.0 = Debug|Any CPU
		{F9E31A96-1DA0-FF1F-57AE-DCD0C45B948E}.Release|Any CPU.ActiveCfg = Release|Any CPU
		{F9E31A96-1DA0-FF1F-57AE-DCD0C45B948E}.Release|Any CPU.Build.0 = Release|Any CPU
		{8E3D8556-3F64-BA1A-457B-99050269B5B8}.Debug|Any CPU.ActiveCfg = Debug|Any CPU
		{8E3D8556-3F64-BA1A-457B-99050269B5B8}.Debug|Any CPU.Build.0 = Debug|Any CPU
		{8E3D8556-3F64-BA1A-457B-99050269B5B8}.Release|Any CPU.ActiveCfg = Release|Any CPU
		{8E3D8556-3F64-BA1A-457B-99050269B5B8}.Release|Any CPU.Build.0 = Release|Any CPU
		{F8462D34-F36E-44BE-6233-58AB686E41B2}.Debug|Any CPU.ActiveCfg = Debug|Any CPU
		{F8462D34-F36E-44BE-6233-58AB686E41B2}.Debug|Any CPU.Build.0 = Debug|Any CPU
		{F8462D34-F36E-44BE-6233-58AB686E41B2}.Release|Any CPU.ActiveCfg = Release|Any CPU
		{F8462D34-F36E-44BE-6233-58AB686E41B2}.Release|Any CPU.Build.0 = Release|Any CPU
		{4AB585EB-6957-F3A8-4F60-3FA978FB6FB7}.Debug|Any CPU.ActiveCfg = Debug|Any CPU
		{4AB585EB-6957-F3A8-4F60-3FA978FB6FB7}.Debug|Any CPU.Build.0 = Debug|Any CPU
		{4AB585EB-6957-F3A8-4F60-3FA978FB6FB7}.Release|Any CPU.ActiveCfg = Release|Any CPU
		{4AB585EB-6957-F3A8-4F60-3FA978FB6FB7}.Release|Any CPU.Build.0 = Release|Any CPU
		{CE101F0F-02DA-FCC3-CB8D-EFCF356A2817}.Debug|Any CPU.ActiveCfg = Debug|Any CPU
		{CE101F0F-02DA-FCC3-CB8D-EFCF356A2817}.Debug|Any CPU.Build.0 = Debug|Any CPU
		{CE101F0F-02DA-FCC3-CB8D-EFCF356A2817}.Release|Any CPU.ActiveCfg = Release|Any CPU
		{CE101F0F-02DA-FCC3-CB8D-EFCF356A2817}.Release|Any CPU.Build.0 = Release|Any CPU
		{EAA7A1A3-5064-EBB8-37F3-ECFF9CCF25AC}.Debug|Any CPU.ActiveCfg = Debug|Any CPU
		{EAA7A1A3-5064-EBB8-37F3-ECFF9CCF25AC}.Debug|Any CPU.Build.0 = Debug|Any CPU
		{EAA7A1A3-5064-EBB8-37F3-ECFF9CCF25AC}.Release|Any CPU.ActiveCfg = Release|Any CPU
		{EAA7A1A3-5064-EBB8-37F3-ECFF9CCF25AC}.Release|Any CPU.Build.0 = Release|Any CPU
		{DAAC07B8-E8BF-658F-BD35-B9193BEA179E}.Debug|Any CPU.ActiveCfg = Debug|Any CPU
		{DAAC07B8-E8BF-658F-BD35-B9193BEA179E}.Debug|Any CPU.Build.0 = Debug|Any CPU
		{DAAC07B8-E8BF-658F-BD35-B9193BEA179E}.Release|Any CPU.ActiveCfg = Release|Any CPU
		{DAAC07B8-E8BF-658F-BD35-B9193BEA179E}.Release|Any CPU.Build.0 = Release|Any CPU
		{7E3C632F-B6D3-4B85-93E1-537870F277B5}.Debug|Any CPU.ActiveCfg = Debug|Any CPU
		{7E3C632F-B6D3-4B85-93E1-537870F277B5}.Debug|Any CPU.Build.0 = Debug|Any CPU
		{7E3C632F-B6D3-4B85-93E1-537870F277B5}.Release|Any CPU.ActiveCfg = Release|Any CPU
		{7E3C632F-B6D3-4B85-93E1-537870F277B5}.Release|Any CPU.Build.0 = Release|Any CPU
		{47490481-7C0D-16A5-CC9A-C4AC874917D8}.Debug|Any CPU.ActiveCfg = Debug|Any CPU
		{47490481-7C0D-16A5-CC9A-C4AC874917D8}.Debug|Any CPU.Build.0 = Debug|Any CPU
		{47490481-7C0D-16A5-CC9A-C4AC874917D8}.Release|Any CPU.ActiveCfg = Release|Any CPU
		{47490481-7C0D-16A5-CC9A-C4AC874917D8}.Release|Any CPU.Build.0 = Release|Any CPU
		{93B6E054-70FE-E3E6-A704-78DA80BE8A37}.Debug|Any CPU.ActiveCfg = Debug|Any CPU
		{93B6E054-70FE-E3E6-A704-78DA80BE8A37}.Debug|Any CPU.Build.0 = Debug|Any CPU
		{93B6E054-70FE-E3E6-A704-78DA80BE8A37}.Release|Any CPU.ActiveCfg = Release|Any CPU
		{93B6E054-70FE-E3E6-A704-78DA80BE8A37}.Release|Any CPU.Build.0 = Release|Any CPU
		{6A707886-B3C2-B52C-371C-7FD8191A2988}.Debug|Any CPU.ActiveCfg = Debug|Any CPU
		{6A707886-B3C2-B52C-371C-7FD8191A2988}.Debug|Any CPU.Build.0 = Debug|Any CPU
		{6A707886-B3C2-B52C-371C-7FD8191A2988}.Release|Any CPU.ActiveCfg = Release|Any CPU
		{6A707886-B3C2-B52C-371C-7FD8191A2988}.Release|Any CPU.Build.0 = Release|Any CPU
		{FF503407-E94F-B298-03D4-67381790956A}.Debug|Any CPU.ActiveCfg = Debug|Any CPU
		{FF503407-E94F-B298-03D4-67381790956A}.Debug|Any CPU.Build.0 = Debug|Any CPU
		{FF503407-E94F-B298-03D4-67381790956A}.Release|Any CPU.ActiveCfg = Release|Any CPU
		{FF503407-E94F-B298-03D4-67381790956A}.Release|Any CPU.Build.0 = Release|Any CPU
		{626F48B4-951A-1A7B-11B8-4F49DB8E65F5}.Debug|Any CPU.ActiveCfg = Debug|Any CPU
		{626F48B4-951A-1A7B-11B8-4F49DB8E65F5}.Debug|Any CPU.Build.0 = Debug|Any CPU
		{626F48B4-951A-1A7B-11B8-4F49DB8E65F5}.Release|Any CPU.ActiveCfg = Release|Any CPU
		{626F48B4-951A-1A7B-11B8-4F49DB8E65F5}.Release|Any CPU.Build.0 = Release|Any CPU
	EndGlobalSection
	GlobalSection(SolutionProperties) = preSolution
		HideSolutionNode = FALSE
	EndGlobalSection
EndGlobal
